
Microsoft Visual Studio Solution File, Format Version 12.00
# Visual Studio 15
VisualStudioVersion = 15.0.25807.0
MinimumVisualStudioVersion = 10.0.40219.1
Project("{2150E333-8FDC-42A3-9474-1A3956D46DE8}") = "Engine", "Engine", "{A41176B5-DF82-4596-9B7E-1DA118130AD8}"
EndProject
Project("{2150E333-8FDC-42A3-9474-1A3956D46DE8}") = "Games", "Games", "{D0B800A8-E8B4-4757-A45A-09E7A4E876FD}"
EndProject
Project("{8BC9CEB8-8B4A-11D0-8D11-00A0C91BC942}") = "UE4", "Intermediate\ProjectFiles\UE4.vcxproj", "{6205FCCC-411A-41F0-AC0D-31684459B40C}"
EndProject
Project("{8BC9CEB8-8B4A-11D0-8D11-00A0C91BC942}") = "Multiplayer", "Intermediate\ProjectFiles\Multiplayer.vcxproj", "{024AD44E-DCB4-41E5-8F0C-8F6FDD8F19F6}"
EndProject
Global
	GlobalSection(SolutionConfigurationPlatforms) = preSolution
		DebugGame Editor|Android = DebugGame Editor|Android
		DebugGame Editor|HTML5 = DebugGame Editor|HTML5
		DebugGame Editor|Win32 = DebugGame Editor|Win32
		DebugGame Editor|Win64 = DebugGame Editor|Win64
		DebugGame|Android = DebugGame|Android
		DebugGame|HTML5 = DebugGame|HTML5
		DebugGame|Win32 = DebugGame|Win32
		DebugGame|Win64 = DebugGame|Win64
		Development Editor|Android = Development Editor|Android
		Development Editor|HTML5 = Development Editor|HTML5
		Development Editor|Win32 = Development Editor|Win32
		Development Editor|Win64 = Development Editor|Win64
		Development|Android = Development|Android
		Development|HTML5 = Development|HTML5
		Development|Win32 = Development|Win32
		Development|Win64 = Development|Win64
		Shipping|Android = Shipping|Android
		Shipping|HTML5 = Shipping|HTML5
		Shipping|Win32 = Shipping|Win32
		Shipping|Win64 = Shipping|Win64
	EndGlobalSection
	GlobalSection(ProjectConfigurationPlatforms) = postSolution
		{6205FCCC-411A-41F0-AC0D-31684459B40C}.DebugGame Editor|Android.ActiveCfg = BuiltWithUnrealBuildTool|Win32
		{6205FCCC-411A-41F0-AC0D-31684459B40C}.DebugGame Editor|Android.Build.0 = BuiltWithUnrealBuildTool|Win32
		{6205FCCC-411A-41F0-AC0D-31684459B40C}.DebugGame Editor|HTML5.ActiveCfg = BuiltWithUnrealBuildTool|Win32
		{6205FCCC-411A-41F0-AC0D-31684459B40C}.DebugGame Editor|HTML5.Build.0 = BuiltWithUnrealBuildTool|Win32
		{6205FCCC-411A-41F0-AC0D-31684459B40C}.DebugGame Editor|Win32.ActiveCfg = BuiltWithUnrealBuildTool|Win32
		{6205FCCC-411A-41F0-AC0D-31684459B40C}.DebugGame Editor|Win32.Build.0 = BuiltWithUnrealBuildTool|Win32
		{6205FCCC-411A-41F0-AC0D-31684459B40C}.DebugGame Editor|Win64.ActiveCfg = BuiltWithUnrealBuildTool|Win32
		{6205FCCC-411A-41F0-AC0D-31684459B40C}.DebugGame Editor|Win64.Build.0 = BuiltWithUnrealBuildTool|Win32
		{6205FCCC-411A-41F0-AC0D-31684459B40C}.DebugGame|Android.ActiveCfg = BuiltWithUnrealBuildTool|Win32
		{6205FCCC-411A-41F0-AC0D-31684459B40C}.DebugGame|Android.Build.0 = BuiltWithUnrealBuildTool|Win32
		{6205FCCC-411A-41F0-AC0D-31684459B40C}.DebugGame|HTML5.ActiveCfg = BuiltWithUnrealBuildTool|Win32
		{6205FCCC-411A-41F0-AC0D-31684459B40C}.DebugGame|HTML5.Build.0 = BuiltWithUnrealBuildTool|Win32
		{6205FCCC-411A-41F0-AC0D-31684459B40C}.DebugGame|Win32.ActiveCfg = BuiltWithUnrealBuildTool|Win32
		{6205FCCC-411A-41F0-AC0D-31684459B40C}.DebugGame|Win32.Build.0 = BuiltWithUnrealBuildTool|Win32
		{6205FCCC-411A-41F0-AC0D-31684459B40C}.DebugGame|Win64.ActiveCfg = BuiltWithUnrealBuildTool|Win32
		{6205FCCC-411A-41F0-AC0D-31684459B40C}.DebugGame|Win64.Build.0 = BuiltWithUnrealBuildTool|Win32
		{6205FCCC-411A-41F0-AC0D-31684459B40C}.Development Editor|Android.ActiveCfg = BuiltWithUnrealBuildTool|Win32
		{6205FCCC-411A-41F0-AC0D-31684459B40C}.Development Editor|Android.Build.0 = BuiltWithUnrealBuildTool|Win32
		{6205FCCC-411A-41F0-AC0D-31684459B40C}.Development Editor|HTML5.ActiveCfg = BuiltWithUnrealBuildTool|Win32
		{6205FCCC-411A-41F0-AC0D-31684459B40C}.Development Editor|HTML5.Build.0 = BuiltWithUnrealBuildTool|Win32
		{6205FCCC-411A-41F0-AC0D-31684459B40C}.Development Editor|Win32.ActiveCfg = BuiltWithUnrealBuildTool|Win32
		{6205FCCC-411A-41F0-AC0D-31684459B40C}.Development Editor|Win32.Build.0 = BuiltWithUnrealBuildTool|Win32
		{6205FCCC-411A-41F0-AC0D-31684459B40C}.Development Editor|Win64.ActiveCfg = BuiltWithUnrealBuildTool|Win32
		{6205FCCC-411A-41F0-AC0D-31684459B40C}.Development Editor|Win64.Build.0 = BuiltWithUnrealBuildTool|Win32
		{6205FCCC-411A-41F0-AC0D-31684459B40C}.Development|Android.ActiveCfg = BuiltWithUnrealBuildTool|Win32
		{6205FCCC-411A-41F0-AC0D-31684459B40C}.Development|Android.Build.0 = BuiltWithUnrealBuildTool|Win32
		{6205FCCC-411A-41F0-AC0D-31684459B40C}.Development|HTML5.ActiveCfg = BuiltWithUnrealBuildTool|Win32
		{6205FCCC-411A-41F0-AC0D-31684459B40C}.Development|HTML5.Build.0 = BuiltWithUnrealBuildTool|Win32
		{6205FCCC-411A-41F0-AC0D-31684459B40C}.Development|Win32.ActiveCfg = BuiltWithUnrealBuildTool|Win32
		{6205FCCC-411A-41F0-AC0D-31684459B40C}.Development|Win32.Build.0 = BuiltWithUnrealBuildTool|Win32
		{6205FCCC-411A-41F0-AC0D-31684459B40C}.Development|Win64.ActiveCfg = BuiltWithUnrealBuildTool|Win32
		{6205FCCC-411A-41F0-AC0D-31684459B40C}.Development|Win64.Build.0 = BuiltWithUnrealBuildTool|Win32
		{6205FCCC-411A-41F0-AC0D-31684459B40C}.Shipping|Android.ActiveCfg = BuiltWithUnrealBuildTool|Win32
		{6205FCCC-411A-41F0-AC0D-31684459B40C}.Shipping|Android.Build.0 = BuiltWithUnrealBuildTool|Win32
		{6205FCCC-411A-41F0-AC0D-31684459B40C}.Shipping|HTML5.ActiveCfg = BuiltWithUnrealBuildTool|Win32
		{6205FCCC-411A-41F0-AC0D-31684459B40C}.Shipping|HTML5.Build.0 = BuiltWithUnrealBuildTool|Win32
		{6205FCCC-411A-41F0-AC0D-31684459B40C}.Shipping|Win32.ActiveCfg = BuiltWithUnrealBuildTool|Win32
		{6205FCCC-411A-41F0-AC0D-31684459B40C}.Shipping|Win32.Build.0 = BuiltWithUnrealBuildTool|Win32
		{6205FCCC-411A-41F0-AC0D-31684459B40C}.Shipping|Win64.ActiveCfg = BuiltWithUnrealBuildTool|Win32
		{6205FCCC-411A-41F0-AC0D-31684459B40C}.Shipping|Win64.Build.0 = BuiltWithUnrealBuildTool|Win32
		{024AD44E-DCB4-41E5-8F0C-8F6FDD8F19F6}.DebugGame Editor|Android.ActiveCfg = Android_DebugGame_Editor|Win32
		{024AD44E-DCB4-41E5-8F0C-8F6FDD8F19F6}.DebugGame Editor|HTML5.ActiveCfg = Android_DebugGame_Editor|Win32
		{024AD44E-DCB4-41E5-8F0C-8F6FDD8F19F6}.DebugGame Editor|Win32.ActiveCfg = Development_Editor|Win32
		{024AD44E-DCB4-41E5-8F0C-8F6FDD8F19F6}.DebugGame Editor|Win64.ActiveCfg = Android_DebugGame_Editor|Win32
		{024AD44E-DCB4-41E5-8F0C-8F6FDD8F19F6}.DebugGame Editor|Win64.Build.0 = DebugGame_Editor|x64
		{024AD44E-DCB4-41E5-8F0C-8F6FDD8F19F6}.DebugGame|Android.ActiveCfg = Android_DebugGame_Game|Win32
		{024AD44E-DCB4-41E5-8F0C-8F6FDD8F19F6}.DebugGame|Android.Build.0 = Android_DebugGame_Game|Win32
		{024AD44E-DCB4-41E5-8F0C-8F6FDD8F19F6}.DebugGame|HTML5.ActiveCfg = HTML5_DebugGame_Game|Win32
		{024AD44E-DCB4-41E5-8F0C-8F6FDD8F19F6}.DebugGame|HTML5.Build.0 = HTML5_DebugGame_Game|Win32
		{024AD44E-DCB4-41E5-8F0C-8F6FDD8F19F6}.DebugGame|Win32.ActiveCfg = DebugGame_Game|Win32
		{024AD44E-DCB4-41E5-8F0C-8F6FDD8F19F6}.DebugGame|Win32.Build.0 = DebugGame_Game|Win32
		{024AD44E-DCB4-41E5-8F0C-8F6FDD8F19F6}.DebugGame|Win64.ActiveCfg = DebugGame_Game|x64
		{024AD44E-DCB4-41E5-8F0C-8F6FDD8F19F6}.DebugGame|Win64.Build.0 = DebugGame_Game|x64
		{024AD44E-DCB4-41E5-8F0C-8F6FDD8F19F6}.Development Editor|Android.ActiveCfg = Android_Development_Editor|Win32
		{024AD44E-DCB4-41E5-8F0C-8F6FDD8F19F6}.Development Editor|HTML5.ActiveCfg = HTML5_Development_Editor|Win32
		{024AD44E-DCB4-41E5-8F0C-8F6FDD8F19F6}.Development Editor|Win32.ActiveCfg = Development_Editor|Win32
		{024AD44E-DCB4-41E5-8F0C-8F6FDD8F19F6}.Development Editor|Win64.ActiveCfg = Development_Editor|x64
		{024AD44E-DCB4-41E5-8F0C-8F6FDD8F19F6}.Development Editor|Win64.Build.0 = Development_Editor|x64
		{024AD44E-DCB4-41E5-8F0C-8F6FDD8F19F6}.Development|Android.ActiveCfg = Android_Development_Game|Win32
		{024AD44E-DCB4-41E5-8F0C-8F6FDD8F19F6}.Development|Android.Build.0 = Android_Development_Game|Win32
		{024AD44E-DCB4-41E5-8F0C-8F6FDD8F19F6}.Development|HTML5.ActiveCfg = HTML5_Development_Game|Win32
		{024AD44E-DCB4-41E5-8F0C-8F6FDD8F19F6}.Development|HTML5.Build.0 = HTML5_Development_Game|Win32
		{024AD44E-DCB4-41E5-8F0C-8F6FDD8F19F6}.Development|Win32.ActiveCfg = Development_Game|Win32
		{024AD44E-DCB4-41E5-8F0C-8F6FDD8F19F6}.Development|Win32.Build.0 = Development_Game|Win32
		{024AD44E-DCB4-41E5-8F0C-8F6FDD8F19F6}.Development|Win64.ActiveCfg = Development_Game|x64
		{024AD44E-DCB4-41E5-8F0C-8F6FDD8F19F6}.Development|Win64.Build.0 = Development_Game|x64
		{024AD44E-DCB4-41E5-8F0C-8F6FDD8F19F6}.Shipping|Android.ActiveCfg = Android_Shipping_Game|Win32
		{024AD44E-DCB4-41E5-8F0C-8F6FDD8F19F6}.Shipping|Android.Build.0 = Android_Shipping_Game|Win32
		{024AD44E-DCB4-41E5-8F0C-8F6FDD8F19F6}.Shipping|HTML5.ActiveCfg = HTML5_Shipping_Game|Win32
		{024AD44E-DCB4-41E5-8F0C-8F6FDD8F19F6}.Shipping|HTML5.Build.0 = HTML5_Shipping_Game|Win32
		{024AD44E-DCB4-41E5-8F0C-8F6FDD8F19F6}.Shipping|Win32.ActiveCfg = Shipping_Game|Win32
		{024AD44E-DCB4-41E5-8F0C-8F6FDD8F19F6}.Shipping|Win32.Build.0 = Shipping_Game|Win32
		{024AD44E-DCB4-41E5-8F0C-8F6FDD8F19F6}.Shipping|Win64.ActiveCfg = Shipping_Game|x64
		{024AD44E-DCB4-41E5-8F0C-8F6FDD8F19F6}.Shipping|Win64.Build.0 = Shipping_Game|x64
	EndGlobalSection
	GlobalSection(SolutionProperties) = preSolution
		HideSolutionNode = FALSE
	EndGlobalSection
	GlobalSection(NestedProjects) = preSolution
		{6205FCCC-411A-41F0-AC0D-31684459B40C} = {A41176B5-DF82-4596-9B7E-1DA118130AD8}
		{024AD44E-DCB4-41E5-8F0C-8F6FDD8F19F6} = {D0B800A8-E8B4-4757-A45A-09E7A4E876FD}
	EndGlobalSection
	GlobalSection(ExtensibilityGlobals) = postSolution
		SolutionGuid = {AC7EDC82-5E16-49FF-A319-EB4AADA0147A}
	EndGlobalSection
EndGlobal
